
Microsoft Visual Studio Solution File, Format Version 10.00
# Visual Studio 2008
Project("{2150E333-8FDC-42A3-9474-1A3956D46DE8}") = "Utils", "Utils", "{C121AACB-0173-4EED-97D8-104C9934F5EB}"
EndProject
Project("{2150E333-8FDC-42A3-9474-1A3956D46DE8}") = "Libraries", "Libraries", "{799E4E2D-8A57-48C4-A58D-6A116984B216}"
EndProject
Project("{2150E333-8FDC-42A3-9474-1A3956D46DE8}") = "Test Apps", "Test Apps", "{5131B2E9-3420-4210-AAAD-E41F50F1C6FB}"
EndProject
Project("{2150E333-8FDC-42A3-9474-1A3956D46DE8}") = "TRE regex", "TRE regex", "{5418E8FF-7892-41CB-875B-D2DC5E9D0FD8}"
EndProject
Project("{8BC9CEB8-8B4A-11D0-8D11-00A0C91BC942}") = "crm114", "crm114.2008.vcproj", "{4A077629-8590-434C-9486-0D069DF341A4}"
	ProjectSection(ProjectDependencies) = postProject
		{B3002C27-B40B-413E-BDB4-13E6678F199B} = {B3002C27-B40B-413E-BDB4-13E6678F199B}
		{7082616F-0A6F-4265-AAB3-1EF1BADC7EA1} = {7082616F-0A6F-4265-AAB3-1EF1BADC7EA1}
	EndProjectSection
EndProject
Project("{8BC9CEB8-8B4A-11D0-8D11-00A0C91BC942}") = "cssdiff", "cssdiff.2008.vcproj", "{4A077629-8590-434C-9486-0D069DF341A1}"
	ProjectSection(ProjectDependencies) = postProject
		{B3002C27-B40B-413E-BDB4-13E6678F199B} = {B3002C27-B40B-413E-BDB4-13E6678F199B}
		{7082616F-0A6F-4265-AAB3-1EF1BADC7EA1} = {7082616F-0A6F-4265-AAB3-1EF1BADC7EA1}
	EndProjectSection
EndProject
Project("{8BC9CEB8-8B4A-11D0-8D11-00A0C91BC942}") = "cssmerge", "cssmerge.2008.vcproj", "{4A077629-8590-434C-9486-0D069DF341A5}"
	ProjectSection(ProjectDependencies) = postProject
		{B3002C27-B40B-413E-BDB4-13E6678F199B} = {B3002C27-B40B-413E-BDB4-13E6678F199B}
		{7082616F-0A6F-4265-AAB3-1EF1BADC7EA1} = {7082616F-0A6F-4265-AAB3-1EF1BADC7EA1}
	EndProjectSection
EndProject
Project("{8BC9CEB8-8B4A-11D0-8D11-00A0C91BC942}") = "cssutil", "cssutil.2008.vcproj", "{4A077629-8590-434C-9486-0D069DF341A3}"
	ProjectSection(ProjectDependencies) = postProject
		{7082616F-0A6F-4265-AAB3-1EF1BADC7EA1} = {7082616F-0A6F-4265-AAB3-1EF1BADC7EA1}
		{B3002C27-B40B-413E-BDB4-13E6678F199B} = {B3002C27-B40B-413E-BDB4-13E6678F199B}
	EndProjectSection
EndProject
Project("{8BC9CEB8-8B4A-11D0-8D11-00A0C91BC942}") = "obsf-util", "osbf-util.2008.vcproj", "{4A077629-8590-434C-9486-0D069DF341A2}"
	ProjectSection(ProjectDependencies) = postProject
		{B3002C27-B40B-413E-BDB4-13E6678F199B} = {B3002C27-B40B-413E-BDB4-13E6678F199B}
		{7082616F-0A6F-4265-AAB3-1EF1BADC7EA1} = {7082616F-0A6F-4265-AAB3-1EF1BADC7EA1}
	EndProjectSection
EndProject
Project("{8BC9CEB8-8B4A-11D0-8D11-00A0C91BC942}") = "libtre_dll", "..\..\libtre\win32\libtre_dll.2008.vcproj", "{E546544D-5D5D-4AED-AB31-FD35AEAB6BB6}"
EndProject
Project("{8BC9CEB8-8B4A-11D0-8D11-00A0C91BC942}") = "libtre_lib", "..\..\libtre\win32\libtre_lib.2008.vcproj", "{B3002C27-B40B-413E-BDB4-13E6678F199B}"
EndProject
Project("{8BC9CEB8-8B4A-11D0-8D11-00A0C91BC942}") = "retest", "..\..\libtre\win32\retest.2008.vcproj", "{7437BF7D-E5EF-4580-9222-1EE3727A6E62}"
	ProjectSection(ProjectDependencies) = postProject
		{E546544D-5D5D-4AED-AB31-FD35AEAB6BB6} = {E546544D-5D5D-4AED-AB31-FD35AEAB6BB6}
	EndProjectSection
EndProject
Project("{8BC9CEB8-8B4A-11D0-8D11-00A0C91BC942}") = "crm_test_vector_tokenizer", "crm_test_VT.2008.vcproj", "{B7D2D4D5-9F5D-4E39-9020-7C09963888A5}"
	ProjectSection(ProjectDependencies) = postProject
		{B3002C27-B40B-413E-BDB4-13E6678F199B} = {B3002C27-B40B-413E-BDB4-13E6678F199B}
		{7082616F-0A6F-4265-AAB3-1EF1BADC7EA1} = {7082616F-0A6F-4265-AAB3-1EF1BADC7EA1}
	EndProjectSection
EndProject
Project("{8BC9CEB8-8B4A-11D0-8D11-00A0C91BC942}") = "crm114full_lib", "libcrm114.2008.vcproj", "{7082616F-0A6F-4265-AAB3-1EF1BADC7EA1}"
EndProject
Project("{8BC9CEB8-8B4A-11D0-8D11-00A0C91BC942}") = "crm_bmp_prof", "crm_bmp_prof.2008.vcproj", "{5595B3F2-E162-45D2-9E66-81413C226818}"
	ProjectSection(ProjectDependencies) = postProject
		{E546544D-5D5D-4AED-AB31-FD35AEAB6BB6} = {E546544D-5D5D-4AED-AB31-FD35AEAB6BB6}
		{7082616F-0A6F-4265-AAB3-1EF1BADC7EA1} = {7082616F-0A6F-4265-AAB3-1EF1BADC7EA1}
	EndProjectSection
EndProject
Project("{8BC9CEB8-8B4A-11D0-8D11-00A0C91BC942}") = "jig_reporter", "jig_reporter.2008.vcproj", "{4C51A6D2-BC59-4F42-8123-C7AB90EDEB2F}"
	ProjectSection(ProjectDependencies) = postProject
		{E546544D-5D5D-4AED-AB31-FD35AEAB6BB6} = {E546544D-5D5D-4AED-AB31-FD35AEAB6BB6}
	EndProjectSection
EndProject
Project("{8BC9CEB8-8B4A-11D0-8D11-00A0C91BC942}") = "jig_rungen", "jig_rungen.2008.vcproj", "{544AD86A-FCD9-4ECD-A67D-6A4F43F57849}"
	ProjectSection(ProjectDependencies) = postProject
		{E546544D-5D5D-4AED-AB31-FD35AEAB6BB6} = {E546544D-5D5D-4AED-AB31-FD35AEAB6BB6}
	EndProjectSection
EndProject
Global
	GlobalSection(SolutionConfigurationPlatforms) = preSolution
		Debug|Itanium = Debug|Itanium
		Debug|Win32 = Debug|Win32
		Debug|x64 = Debug|x64
		Release|Itanium = Release|Itanium
		Release|Win32 = Release|Win32
		Release|x64 = Release|x64
	EndGlobalSection
	GlobalSection(ProjectConfigurationPlatforms) = postSolution
		{4A077629-8590-434C-9486-0D069DF341A4}.Debug|Itanium.ActiveCfg = Debug|Itanium
		{4A077629-8590-434C-9486-0D069DF341A4}.Debug|Itanium.Build.0 = Debug|Itanium
		{4A077629-8590-434C-9486-0D069DF341A4}.Debug|Win32.ActiveCfg = Debug|Win32
		{4A077629-8590-434C-9486-0D069DF341A4}.Debug|Win32.Build.0 = Debug|Win32
		{4A077629-8590-434C-9486-0D069DF341A4}.Debug|x64.ActiveCfg = Debug|x64
		{4A077629-8590-434C-9486-0D069DF341A4}.Debug|x64.Build.0 = Debug|x64
		{4A077629-8590-434C-9486-0D069DF341A4}.Release|Itanium.ActiveCfg = Release|Itanium
		{4A077629-8590-434C-9486-0D069DF341A4}.Release|Itanium.Build.0 = Release|Itanium
		{4A077629-8590-434C-9486-0D069DF341A4}.Release|Win32.ActiveCfg = Release|Win32
		{4A077629-8590-434C-9486-0D069DF341A4}.Release|Win32.Build.0 = Release|Win32
		{4A077629-8590-434C-9486-0D069DF341A4}.Release|x64.ActiveCfg = Release|x64
		{4A077629-8590-434C-9486-0D069DF341A4}.Release|x64.Build.0 = Release|x64
		{4A077629-8590-434C-9486-0D069DF341A1}.Debug|Itanium.ActiveCfg = Debug|Itanium
		{4A077629-8590-434C-9486-0D069DF341A1}.Debug|Itanium.Build.0 = Debug|Itanium
		{4A077629-8590-434C-9486-0D069DF341A1}.Debug|Win32.ActiveCfg = Debug|Win32
		{4A077629-8590-434C-9486-0D069DF341A1}.Debug|Win32.Build.0 = Debug|Win32
		{4A077629-8590-434C-9486-0D069DF341A1}.Debug|x64.ActiveCfg = Debug|x64
		{4A077629-8590-434C-9486-0D069DF341A1}.Debug|x64.Build.0 = Debug|x64
		{4A077629-8590-434C-9486-0D069DF341A1}.Release|Itanium.ActiveCfg = Release|Itanium
		{4A077629-8590-434C-9486-0D069DF341A1}.Release|Itanium.Build.0 = Release|Itanium
		{4A077629-8590-434C-9486-0D069DF341A1}.Release|Win32.ActiveCfg = Release|Win32
		{4A077629-8590-434C-9486-0D069DF341A1}.Release|Win32.Build.0 = Release|Win32
		{4A077629-8590-434C-9486-0D069DF341A1}.Release|x64.ActiveCfg = Release|x64
		{4A077629-8590-434C-9486-0D069DF341A1}.Release|x64.Build.0 = Release|x64
		{4A077629-8590-434C-9486-0D069DF341A5}.Debug|Itanium.ActiveCfg = Debug|Itanium
		{4A077629-8590-434C-9486-0D069DF341A5}.Debug|Itanium.Build.0 = Debug|Itanium
		{4A077629-8590-434C-9486-0D069DF341A5}.Debug|Win32.ActiveCfg = Debug|Win32
		{4A077629-8590-434C-9486-0D069DF341A5}.Debug|Win32.Build.0 = Debug|Win32
		{4A077629-8590-434C-9486-0D069DF341A5}.Debug|x64.ActiveCfg = Debug|x64
		{4A077629-8590-434C-9486-0D069DF341A5}.Debug|x64.Build.0 = Debug|x64
		{4A077629-8590-434C-9486-0D069DF341A5}.Release|Itanium.ActiveCfg = Release|Itanium
		{4A077629-8590-434C-9486-0D069DF341A5}.Release|Itanium.Build.0 = Release|Itanium
		{4A077629-8590-434C-9486-0D069DF341A5}.Release|Win32.ActiveCfg = Release|Win32
		{4A077629-8590-434C-9486-0D069DF341A5}.Release|Win32.Build.0 = Release|Win32
		{4A077629-8590-434C-9486-0D069DF341A5}.Release|x64.ActiveCfg = Release|x64
		{4A077629-8590-434C-9486-0D069DF341A5}.Release|x64.Build.0 = Release|x64
		{4A077629-8590-434C-9486-0D069DF341A3}.Debug|Itanium.ActiveCfg = Debug|Itanium
		{4A077629-8590-434C-9486-0D069DF341A3}.Debug|Itanium.Build.0 = Debug|Itanium
		{4A077629-8590-434C-9486-0D069DF341A3}.Debug|Win32.ActiveCfg = Debug|Win32
		{4A077629-8590-434C-9486-0D069DF341A3}.Debug|Win32.Build.0 = Debug|Win32
		{4A077629-8590-434C-9486-0D069DF341A3}.Debug|x64.ActiveCfg = Debug|x64
		{4A077629-8590-434C-9486-0D069DF341A3}.Debug|x64.Build.0 = Debug|x64
		{4A077629-8590-434C-9486-0D069DF341A3}.Release|Itanium.ActiveCfg = Release|Itanium
		{4A077629-8590-434C-9486-0D069DF341A3}.Release|Itanium.Build.0 = Release|Itanium
		{4A077629-8590-434C-9486-0D069DF341A3}.Release|Win32.ActiveCfg = Release|Win32
		{4A077629-8590-434C-9486-0D069DF341A3}.Release|Win32.Build.0 = Release|Win32
		{4A077629-8590-434C-9486-0D069DF341A3}.Release|x64.ActiveCfg = Release|x64
		{4A077629-8590-434C-9486-0D069DF341A3}.Release|x64.Build.0 = Release|x64
		{4A077629-8590-434C-9486-0D069DF341A2}.Debug|Itanium.ActiveCfg = Debug|Itanium
		{4A077629-8590-434C-9486-0D069DF341A2}.Debug|Itanium.Build.0 = Debug|Itanium
		{4A077629-8590-434C-9486-0D069DF341A2}.Debug|Win32.ActiveCfg = Debug|Win32
		{4A077629-8590-434C-9486-0D069DF341A2}.Debug|Win32.Build.0 = Debug|Win32
		{4A077629-8590-434C-9486-0D069DF341A2}.Debug|x64.ActiveCfg = Debug|x64
		{4A077629-8590-434C-9486-0D069DF341A2}.Debug|x64.Build.0 = Debug|x64
		{4A077629-8590-434C-9486-0D069DF341A2}.Release|Itanium.ActiveCfg = Release|Itanium
		{4A077629-8590-434C-9486-0D069DF341A2}.Release|Itanium.Build.0 = Release|Itanium
		{4A077629-8590-434C-9486-0D069DF341A2}.Release|Win32.ActiveCfg = Release|Win32
		{4A077629-8590-434C-9486-0D069DF341A2}.Release|Win32.Build.0 = Release|Win32
		{4A077629-8590-434C-9486-0D069DF341A2}.Release|x64.ActiveCfg = Release|x64
		{4A077629-8590-434C-9486-0D069DF341A2}.Release|x64.Build.0 = Release|x64
		{E546544D-5D5D-4AED-AB31-FD35AEAB6BB6}.Debug|Itanium.ActiveCfg = Debug|Itanium
		{E546544D-5D5D-4AED-AB31-FD35AEAB6BB6}.Debug|Itanium.Build.0 = Debug|Itanium
		{E546544D-5D5D-4AED-AB31-FD35AEAB6BB6}.Debug|Win32.ActiveCfg = Debug|Win32
		{E546544D-5D5D-4AED-AB31-FD35AEAB6BB6}.Debug|Win32.Build.0 = Debug|Win32
		{E546544D-5D5D-4AED-AB31-FD35AEAB6BB6}.Debug|x64.ActiveCfg = Debug|x64
		{E546544D-5D5D-4AED-AB31-FD35AEAB6BB6}.Debug|x64.Build.0 = Debug|x64
		{E546544D-5D5D-4AED-AB31-FD35AEAB6BB6}.Release|Itanium.ActiveCfg = Release|Itanium
		{E546544D-5D5D-4AED-AB31-FD35AEAB6BB6}.Release|Itanium.Build.0 = Release|Itanium
		{E546544D-5D5D-4AED-AB31-FD35AEAB6BB6}.Release|Win32.ActiveCfg = Release|Win32
		{E546544D-5D5D-4AED-AB31-FD35AEAB6BB6}.Release|Win32.Build.0 = Release|Win32
		{E546544D-5D5D-4AED-AB31-FD35AEAB6BB6}.Release|x64.ActiveCfg = Release|x64
		{E546544D-5D5D-4AED-AB31-FD35AEAB6BB6}.Release|x64.Build.0 = Release|x64
		{B3002C27-B40B-413E-BDB4-13E6678F199B}.Debug|Itanium.ActiveCfg = Debug|Itanium
		{B3002C27-B40B-413E-BDB4-13E6678F199B}.Debug|Itanium.Build.0 = Debug|Itanium
		{B3002C27-B40B-413E-BDB4-13E6678F199B}.Debug|Win32.ActiveCfg = Debug|Win32
		{B3002C27-B40B-413E-BDB4-13E6678F199B}.Debug|Win32.Build.0 = Debug|Win32
		{B3002C27-B40B-413E-BDB4-13E6678F199B}.Debug|x64.ActiveCfg = Debug|x64
		{B3002C27-B40B-413E-BDB4-13E6678F199B}.Debug|x64.Build.0 = Debug|x64
		{B3002C27-B40B-413E-BDB4-13E6678F199B}.Release|Itanium.ActiveCfg = Release|Itanium
		{B3002C27-B40B-413E-BDB4-13E6678F199B}.Release|Itanium.Build.0 = Release|Itanium
		{B3002C27-B40B-413E-BDB4-13E6678F199B}.Release|Win32.ActiveCfg = Release|Win32
		{B3002C27-B40B-413E-BDB4-13E6678F199B}.Release|Win32.Build.0 = Release|Win32
		{B3002C27-B40B-413E-BDB4-13E6678F199B}.Release|x64.ActiveCfg = Release|x64
		{B3002C27-B40B-413E-BDB4-13E6678F199B}.Release|x64.Build.0 = Release|x64
		{7437BF7D-E5EF-4580-9222-1EE3727A6E62}.Debug|Itanium.ActiveCfg = Debug|Itanium
		{7437BF7D-E5EF-4580-9222-1EE3727A6E62}.Debug|Itanium.Build.0 = Debug|Itanium
		{7437BF7D-E5EF-4580-9222-1EE3727A6E62}.Debug|Win32.ActiveCfg = Debug|Win32
		{7437BF7D-E5EF-4580-9222-1EE3727A6E62}.Debug|Win32.Build.0 = Debug|Win32
		{7437BF7D-E5EF-4580-9222-1EE3727A6E62}.Debug|x64.ActiveCfg = Debug|x64
		{7437BF7D-E5EF-4580-9222-1EE3727A6E62}.Debug|x64.Build.0 = Debug|x64
		{7437BF7D-E5EF-4580-9222-1EE3727A6E62}.Release|Itanium.ActiveCfg = Release|Itanium
		{7437BF7D-E5EF-4580-9222-1EE3727A6E62}.Release|Itanium.Build.0 = Release|Itanium
		{7437BF7D-E5EF-4580-9222-1EE3727A6E62}.Release|Win32.ActiveCfg = Release|Win32
		{7437BF7D-E5EF-4580-9222-1EE3727A6E62}.Release|Win32.Build.0 = Release|Win32
		{7437BF7D-E5EF-4580-9222-1EE3727A6E62}.Release|x64.ActiveCfg = Release|x64
		{7437BF7D-E5EF-4580-9222-1EE3727A6E62}.Release|x64.Build.0 = Release|x64
		{B7D2D4D5-9F5D-4E39-9020-7C09963888A5}.Debug|Itanium.ActiveCfg = Debug|Itanium
		{B7D2D4D5-9F5D-4E39-9020-7C09963888A5}.Debug|Itanium.Build.0 = Debug|Itanium
		{B7D2D4D5-9F5D-4E39-9020-7C09963888A5}.Debug|Win32.ActiveCfg = Debug|Win32
		{B7D2D4D5-9F5D-4E39-9020-7C09963888A5}.Debug|Win32.Build.0 = Debug|Win32
		{B7D2D4D5-9F5D-4E39-9020-7C09963888A5}.Debug|x64.ActiveCfg = Debug|x64
		{B7D2D4D5-9F5D-4E39-9020-7C09963888A5}.Debug|x64.Build.0 = Debug|x64
		{B7D2D4D5-9F5D-4E39-9020-7C09963888A5}.Release|Itanium.ActiveCfg = Release|Itanium
		{B7D2D4D5-9F5D-4E39-9020-7C09963888A5}.Release|Itanium.Build.0 = Release|Itanium
		{B7D2D4D5-9F5D-4E39-9020-7C09963888A5}.Release|Win32.ActiveCfg = Release|Win32
		{B7D2D4D5-9F5D-4E39-9020-7C09963888A5}.Release|Win32.Build.0 = Release|Win32
		{B7D2D4D5-9F5D-4E39-9020-7C09963888A5}.Release|x64.ActiveCfg = Release|x64
		{B7D2D4D5-9F5D-4E39-9020-7C09963888A5}.Release|x64.Build.0 = Release|x64
		{7082616F-0A6F-4265-AAB3-1EF1BADC7EA1}.Debug|Itanium.ActiveCfg = Debug|Itanium
		{7082616F-0A6F-4265-AAB3-1EF1BADC7EA1}.Debug|Itanium.Build.0 = Debug|Itanium
		{7082616F-0A6F-4265-AAB3-1EF1BADC7EA1}.Debug|Win32.ActiveCfg = Debug|Win32
		{7082616F-0A6F-4265-AAB3-1EF1BADC7EA1}.Debug|Win32.Build.0 = Debug|Win32
		{7082616F-0A6F-4265-AAB3-1EF1BADC7EA1}.Debug|x64.ActiveCfg = Debug|x64
		{7082616F-0A6F-4265-AAB3-1EF1BADC7EA1}.Debug|x64.Build.0 = Debug|x64
		{7082616F-0A6F-4265-AAB3-1EF1BADC7EA1}.Release|Itanium.ActiveCfg = Release|Itanium
		{7082616F-0A6F-4265-AAB3-1EF1BADC7EA1}.Release|Itanium.Build.0 = Release|Itanium
		{7082616F-0A6F-4265-AAB3-1EF1BADC7EA1}.Release|Win32.ActiveCfg = Release|Win32
		{7082616F-0A6F-4265-AAB3-1EF1BADC7EA1}.Release|Win32.Build.0 = Release|Win32
		{7082616F-0A6F-4265-AAB3-1EF1BADC7EA1}.Release|x64.ActiveCfg = Release|x64
		{7082616F-0A6F-4265-AAB3-1EF1BADC7EA1}.Release|x64.Build.0 = Release|x64
		{5595B3F2-E162-45D2-9E66-81413C226818}.Debug|Itanium.ActiveCfg = Debug|Itanium
		{5595B3F2-E162-45D2-9E66-81413C226818}.Debug|Itanium.Build.0 = Debug|Itanium
		{5595B3F2-E162-45D2-9E66-81413C226818}.Debug|Win32.ActiveCfg = Debug|Win32
		{5595B3F2-E162-45D2-9E66-81413C226818}.Debug|Win32.Build.0 = Debug|Win32
		{5595B3F2-E162-45D2-9E66-81413C226818}.Debug|x64.ActiveCfg = Debug|x64
		{5595B3F2-E162-45D2-9E66-81413C226818}.Debug|x64.Build.0 = Debug|x64
		{5595B3F2-E162-45D2-9E66-81413C226818}.Release|Itanium.ActiveCfg = Release|Itanium
		{5595B3F2-E162-45D2-9E66-81413C226818}.Release|Itanium.Build.0 = Release|Itanium
		{5595B3F2-E162-45D2-9E66-81413C226818}.Release|Win32.ActiveCfg = Release|Win32
		{5595B3F2-E162-45D2-9E66-81413C226818}.Release|Win32.Build.0 = Release|Win32
		{5595B3F2-E162-45D2-9E66-81413C226818}.Release|x64.ActiveCfg = Release|x64
		{5595B3F2-E162-45D2-9E66-81413C226818}.Release|x64.Build.0 = Release|x64
		{4C51A6D2-BC59-4F42-8123-C7AB90EDEB2F}.Debug|Itanium.ActiveCfg = Debug|Itanium
		{4C51A6D2-BC59-4F42-8123-C7AB90EDEB2F}.Debug|Itanium.Build.0 = Debug|Itanium
		{4C51A6D2-BC59-4F42-8123-C7AB90EDEB2F}.Debug|Win32.ActiveCfg = Debug|Win32
		{4C51A6D2-BC59-4F42-8123-C7AB90EDEB2F}.Debug|Win32.Build.0 = Debug|Win32
		{4C51A6D2-BC59-4F42-8123-C7AB90EDEB2F}.Debug|x64.ActiveCfg = Debug|x64
		{4C51A6D2-BC59-4F42-8123-C7AB90EDEB2F}.Debug|x64.Build.0 = Debug|x64
		{4C51A6D2-BC59-4F42-8123-C7AB90EDEB2F}.Release|Itanium.ActiveCfg = Release|Itanium
		{4C51A6D2-BC59-4F42-8123-C7AB90EDEB2F}.Release|Itanium.Build.0 = Release|Itanium
		{4C51A6D2-BC59-4F42-8123-C7AB90EDEB2F}.Release|Win32.ActiveCfg = Release|Win32
		{4C51A6D2-BC59-4F42-8123-C7AB90EDEB2F}.Release|Win32.Build.0 = Release|Win32
		{4C51A6D2-BC59-4F42-8123-C7AB90EDEB2F}.Release|x64.ActiveCfg = Release|x64
		{4C51A6D2-BC59-4F42-8123-C7AB90EDEB2F}.Release|x64.Build.0 = Release|x64
		{544AD86A-FCD9-4ECD-A67D-6A4F43F57849}.Debug|Itanium.ActiveCfg = Debug|Itanium
		{544AD86A-FCD9-4ECD-A67D-6A4F43F57849}.Debug|Itanium.Build.0 = Debug|Itanium
		{544AD86A-FCD9-4ECD-A67D-6A4F43F57849}.Debug|Win32.ActiveCfg = Debug|Win32
		{544AD86A-FCD9-4ECD-A67D-6A4F43F57849}.Debug|Win32.Build.0 = Debug|Win32
		{544AD86A-FCD9-4ECD-A67D-6A4F43F57849}.Debug|x64.ActiveCfg = Debug|x64
		{544AD86A-FCD9-4ECD-A67D-6A4F43F57849}.Debug|x64.Build.0 = Debug|x64
		{544AD86A-FCD9-4ECD-A67D-6A4F43F57849}.Release|Itanium.ActiveCfg = Release|Itanium
		{544AD86A-FCD9-4ECD-A67D-6A4F43F57849}.Release|Itanium.Build.0 = Release|Itanium
		{544AD86A-FCD9-4ECD-A67D-6A4F43F57849}.Release|Win32.ActiveCfg = Release|Win32
		{544AD86A-FCD9-4ECD-A67D-6A4F43F57849}.Release|Win32.Build.0 = Release|Win32
		{544AD86A-FCD9-4ECD-A67D-6A4F43F57849}.Release|x64.ActiveCfg = Release|x64
		{544AD86A-FCD9-4ECD-A67D-6A4F43F57849}.Release|x64.Build.0 = Release|x64
	EndGlobalSection
	GlobalSection(SolutionProperties) = preSolution
		HideSolutionNode = FALSE
	EndGlobalSection
	GlobalSection(NestedProjects) = preSolution
		{5418E8FF-7892-41CB-875B-D2DC5E9D0FD8} = {799E4E2D-8A57-48C4-A58D-6A116984B216}
		{4A077629-8590-434C-9486-0D069DF341A1} = {C121AACB-0173-4EED-97D8-104C9934F5EB}
		{4A077629-8590-434C-9486-0D069DF341A5} = {C121AACB-0173-4EED-97D8-104C9934F5EB}
		{4A077629-8590-434C-9486-0D069DF341A3} = {C121AACB-0173-4EED-97D8-104C9934F5EB}
		{4A077629-8590-434C-9486-0D069DF341A2} = {C121AACB-0173-4EED-97D8-104C9934F5EB}
		{5595B3F2-E162-45D2-9E66-81413C226818} = {C121AACB-0173-4EED-97D8-104C9934F5EB}
		{4C51A6D2-BC59-4F42-8123-C7AB90EDEB2F} = {C121AACB-0173-4EED-97D8-104C9934F5EB}
		{544AD86A-FCD9-4ECD-A67D-6A4F43F57849} = {C121AACB-0173-4EED-97D8-104C9934F5EB}
		{B7D2D4D5-9F5D-4E39-9020-7C09963888A5} = {5131B2E9-3420-4210-AAAD-E41F50F1C6FB}
		{E546544D-5D5D-4AED-AB31-FD35AEAB6BB6} = {5418E8FF-7892-41CB-875B-D2DC5E9D0FD8}
		{B3002C27-B40B-413E-BDB4-13E6678F199B} = {5418E8FF-7892-41CB-875B-D2DC5E9D0FD8}
		{7437BF7D-E5EF-4580-9222-1EE3727A6E62} = {5418E8FF-7892-41CB-875B-D2DC5E9D0FD8}
	EndGlobalSection
EndGlobal
